
Microsoft Visual Studio Solution File, Format Version 12.00
# Visual Studio Version 16
VisualStudioVersion = 16.0.29403.142
MinimumVisualStudioVersion = 15.0.26124.0
Project("{9A19103F-16F7-4668-BE54-9A1E7A4F7556}") = "Lexer", "Lexer\Lexer.csproj", "{280ED88F-0AFB-4570-B470-67AC6FE606B9}"
EndProject
Project("{2150E333-8FDC-42A3-9474-1A3956D46DE8}") = "Tests", "Tests", "{79D14601-8E24-426D-9311-6E39935AA789}"
EndProject
Project("{9A19103F-16F7-4668-BE54-9A1E7A4F7556}") = "Lexer.Tests", "Tests\Lexer.Tests\Lexer.Tests.csproj", "{88EF7BDF-5ED5-44B4-8EBD-B1A789990F9A}"
EndProject
Project("{9A19103F-16F7-4668-BE54-9A1E7A4F7556}") = "Core", "Core\Core.csproj", "{36B032BA-5C48-4AF9-AE67-83B39DA9923F}"
EndProject
Project("{9A19103F-16F7-4668-BE54-9A1E7A4F7556}") = "Core.Tests", "Tests\Core.Tests\Core.Tests.csproj", "{07DA891A-DD8F-4E72-A073-A09EFDA46C5C}"
EndProject
Project("{9A19103F-16F7-4668-BE54-9A1E7A4F7556}") = "Parser", "Parser\Parser.csproj", "{1F73A1DD-E306-4C76-A4E8-1BA034FFE582}"
EndProject
Global
	GlobalSection(SolutionConfigurationPlatforms) = preSolution
		Debug|Any CPU = Debug|Any CPU
		Debug|x64 = Debug|x64
		Debug|x86 = Debug|x86
		Release|Any CPU = Release|Any CPU
		Release|x64 = Release|x64
		Release|x86 = Release|x86
	EndGlobalSection
	GlobalSection(ProjectConfigurationPlatforms) = postSolution
		{280ED88F-0AFB-4570-B470-67AC6FE606B9}.Debug|Any CPU.ActiveCfg = Debug|Any CPU
		{280ED88F-0AFB-4570-B470-67AC6FE606B9}.Debug|Any CPU.Build.0 = Debug|Any CPU
		{280ED88F-0AFB-4570-B470-67AC6FE606B9}.Debug|x64.ActiveCfg = Debug|Any CPU
		{280ED88F-0AFB-4570-B470-67AC6FE606B9}.Debug|x64.Build.0 = Debug|Any CPU
		{280ED88F-0AFB-4570-B470-67AC6FE606B9}.Debug|x86.ActiveCfg = Debug|Any CPU
		{280ED88F-0AFB-4570-B470-67AC6FE606B9}.Debug|x86.Build.0 = Debug|Any CPU
		{280ED88F-0AFB-4570-B470-67AC6FE606B9}.Release|Any CPU.ActiveCfg = Release|Any CPU
		{280ED88F-0AFB-4570-B470-67AC6FE606B9}.Release|Any CPU.Build.0 = Release|Any CPU
		{280ED88F-0AFB-4570-B470-67AC6FE606B9}.Release|x64.ActiveCfg = Release|Any CPU
		{280ED88F-0AFB-4570-B470-67AC6FE606B9}.Release|x64.Build.0 = Release|Any CPU
		{280ED88F-0AFB-4570-B470-67AC6FE606B9}.Release|x86.ActiveCfg = Release|Any CPU
		{280ED88F-0AFB-4570-B470-67AC6FE606B9}.Release|x86.Build.0 = Release|Any CPU
		{88EF7BDF-5ED5-44B4-8EBD-B1A789990F9A}.Debug|Any CPU.ActiveCfg = Debug|Any CPU
		{88EF7BDF-5ED5-44B4-8EBD-B1A789990F9A}.Debug|Any CPU.Build.0 = Debug|Any CPU
		{88EF7BDF-5ED5-44B4-8EBD-B1A789990F9A}.Debug|x64.ActiveCfg = Debug|Any CPU
		{88EF7BDF-5ED5-44B4-8EBD-B1A789990F9A}.Debug|x64.Build.0 = Debug|Any CPU
		{88EF7BDF-5ED5-44B4-8EBD-B1A789990F9A}.Debug|x86.ActiveCfg = Debug|Any CPU
		{88EF7BDF-5ED5-44B4-8EBD-B1A789990F9A}.Debug|x86.Build.0 = Debug|Any CPU
		{88EF7BDF-5ED5-44B4-8EBD-B1A789990F9A}.Release|Any CPU.ActiveCfg = Release|Any CPU
		{88EF7BDF-5ED5-44B4-8EBD-B1A789990F9A}.Release|Any CPU.Build.0 = Release|Any CPU
		{88EF7BDF-5ED5-44B4-8EBD-B1A789990F9A}.Release|x64.ActiveCfg = Release|Any CPU
		{88EF7BDF-5ED5-44B4-8EBD-B1A789990F9A}.Release|x64.Build.0 = Release|Any CPU
		{88EF7BDF-5ED5-44B4-8EBD-B1A789990F9A}.Release|x86.ActiveCfg = Release|Any CPU
		{88EF7BDF-5ED5-44B4-8EBD-B1A789990F9A}.Release|x86.Build.0 = Release|Any CPU
		{36B032BA-5C48-4AF9-AE67-83B39DA9923F}.Debug|Any CPU.ActiveCfg = Debug|Any CPU
		{36B032BA-5C48-4AF9-AE67-83B39DA9923F}.Debug|Any CPU.Build.0 = Debug|Any CPU
		{36B032BA-5C48-4AF9-AE67-83B39DA9923F}.Debug|x64.ActiveCfg = Debug|Any CPU
		{36B032BA-5C48-4AF9-AE67-83B39DA9923F}.Debug|x64.Build.0 = Debug|Any CPU
		{36B032BA-5C48-4AF9-AE67-83B39DA9923F}.Debug|x86.ActiveCfg = Debug|Any CPU
		{36B032BA-5C48-4AF9-AE67-83B39DA9923F}.Debug|x86.Build.0 = Debug|Any CPU
		{36B032BA-5C48-4AF9-AE67-83B39DA9923F}.Release|Any CPU.ActiveCfg = Release|Any CPU
		{36B032BA-5C48-4AF9-AE67-83B39DA9923F}.Release|Any CPU.Build.0 = Release|Any CPU
		{36B032BA-5C48-4AF9-AE67-83B39DA9923F}.Release|x64.ActiveCfg = Release|Any CPU
		{36B032BA-5C48-4AF9-AE67-83B39DA9923F}.Release|x64.Build.0 = Release|Any CPU
		{36B032BA-5C48-4AF9-AE67-83B39DA9923F}.Release|x86.ActiveCfg = Release|Any CPU
		{36B032BA-5C48-4AF9-AE67-83B39DA9923F}.Release|x86.Build.0 = Release|Any CPU
		{07DA891A-DD8F-4E72-A073-A09EFDA46C5C}.Debug|Any CPU.ActiveCfg = Debug|Any CPU
		{07DA891A-DD8F-4E72-A073-A09EFDA46C5C}.Debug|Any CPU.Build.0 = Debug|Any CPU
		{07DA891A-DD8F-4E72-A073-A09EFDA46C5C}.Debug|x64.ActiveCfg = Debug|Any CPU
		{07DA891A-DD8F-4E72-A073-A09EFDA46C5C}.Debug|x64.Build.0 = Debug|Any CPU
		{07DA891A-DD8F-4E72-A073-A09EFDA46C5C}.Debug|x86.ActiveCfg = Debug|Any CPU
		{07DA891A-DD8F-4E72-A073-A09EFDA46C5C}.Debug|x86.Build.0 = Debug|Any CPU
		{07DA891A-DD8F-4E72-A073-A09EFDA46C5C}.Release|Any CPU.ActiveCfg = Release|Any CPU
		{07DA891A-DD8F-4E72-A073-A09EFDA46C5C}.Release|Any CPU.Build.0 = Release|Any CPU
		{07DA891A-DD8F-4E72-A073-A09EFDA46C5C}.Release|x64.ActiveCfg = Release|Any CPU
		{07DA891A-DD8F-4E72-A073-A09EFDA46C5C}.Release|x64.Build.0 = Release|Any CPU
		{07DA891A-DD8F-4E72-A073-A09EFDA46C5C}.Release|x86.ActiveCfg = Release|Any CPU
		{07DA891A-DD8F-4E72-A073-A09EFDA46C5C}.Release|x86.Build.0 = Release|Any CPU
		{1F73A1DD-E306-4C76-A4E8-1BA034FFE582}.Debug|Any CPU.ActiveCfg = Debug|Any CPU
		{1F73A1DD-E306-4C76-A4E8-1BA034FFE582}.Debug|Any CPU.Build.0 = Debug|Any CPU
		{1F73A1DD-E306-4C76-A4E8-1BA034FFE582}.Debug|x64.ActiveCfg = Debug|Any CPU
		{1F73A1DD-E306-4C76-A4E8-1BA034FFE582}.Debug|x64.Build.0 = Debug|Any CPU
		{1F73A1DD-E306-4C76-A4E8-1BA034FFE582}.Debug|x86.ActiveCfg = Debug|Any CPU
		{1F73A1DD-E306-4C76-A4E8-1BA034FFE582}.Debug|x86.Build.0 = Debug|Any CPU
		{1F73A1DD-E306-4C76-A4E8-1BA034FFE582}.Release|Any CPU.ActiveCfg = Release|Any CPU
		{1F73A1DD-E306-4C76-A4E8-1BA034FFE582}.Release|Any CPU.Build.0 = Release|Any CPU
		{1F73A1DD-E306-4C76-A4E8-1BA034FFE582}.Release|x64.ActiveCfg = Release|Any CPU
		{1F73A1DD-E306-4C76-A4E8-1BA034FFE582}.Release|x64.Build.0 = Release|Any CPU
		{1F73A1DD-E306-4C76-A4E8-1BA034FFE582}.Release|x86.ActiveCfg = Release|Any CPU
		{1F73A1DD-E306-4C76-A4E8-1BA034FFE582}.Release|x86.Build.0 = Release|Any CPU
	EndGlobalSection
	GlobalSection(SolutionProperties) = preSolution
		HideSolutionNode = FALSE
	EndGlobalSection
	GlobalSection(NestedProjects) = preSolution
		{88EF7BDF-5ED5-44B4-8EBD-B1A789990F9A} = {79D14601-8E24-426D-9311-6E39935AA789}
		{07DA891A-DD8F-4E72-A073-A09EFDA46C5C} = {79D14601-8E24-426D-9311-6E39935AA789}
	EndGlobalSection
	GlobalSection(ExtensibilityGlobals) = postSolution
		SolutionGuid = {9BA9C374-4C12-4785-95C1-BCD5113ADBF2}
	EndGlobalSection
EndGlobal
